
Microsoft Visual Studio Solution File, Format Version 12.00
# Visual Studio Version 17
VisualStudioVersion = 17.0.31903.59
MinimumVisualStudioVersion = 10.0.40219.1
Project("{9A19103F-16F7-4668-BE54-9A1E7A4F7556}") = "VideoPoker.Backend", "VideoPoker.Backend\VideoPoker.Backend.csproj", "{713BB286-113B-4BC7-8FF0-775BD31EFAC5}"
EndProject
Project("{FAE04EC0-301F-11D3-BF4B-00C04F79EFBC}") = "VideoPoker.Backend.Test", "VideoPoker.Backend.Test\VideoPoker.Backend.Test.csproj", "{6A1D6B56-C555-4385-8345-F900387CFA43}"
EndProject
Global
	GlobalSection(SolutionConfigurationPlatforms) = preSolution
		Debug|Any CPU = Debug|Any CPU
		Release|Any CPU = Release|Any CPU
	EndGlobalSection
	GlobalSection(ProjectConfigurationPlatforms) = postSolution
		{713BB286-113B-4BC7-8FF0-775BD31EFAC5}.Debug|Any CPU.ActiveCfg = Debug|Any CPU
		{713BB286-113B-4BC7-8FF0-775BD31EFAC5}.Debug|Any CPU.Build.0 = Debug|Any CPU
		{713BB286-113B-4BC7-8FF0-775BD31EFAC5}.Release|Any CPU.ActiveCfg = Release|Any CPU
		{713BB286-113B-4BC7-8FF0-775BD31EFAC5}.Release|Any CPU.Build.0 = Release|Any CPU
		{6A1D6B56-C555-4385-8345-F900387CFA43}.Debug|Any CPU.ActiveCfg = Debug|Any CPU
		{6A1D6B56-C555-4385-8345-F900387CFA43}.Debug|Any CPU.Build.0 = Debug|Any CPU
		{6A1D6B56-C555-4385-8345-F900387CFA43}.Release|Any CPU.ActiveCfg = Release|Any CPU
		{6A1D6B56-C555-4385-8345-F900387CFA43}.Release|Any CPU.Build.0 = Release|Any CPU
	EndGlobalSection
	GlobalSection(SolutionProperties) = preSolution
		HideSolutionNode = FALSE
	EndGlobalSection
	GlobalSection(ExtensibilityGlobals) = postSolution
		SolutionGuid = {E5CD290B-918C-4F10-846F-3DBD595B426B}
	EndGlobalSection
EndGlobal
